
Microsoft Visual Studio Solution File, Format Version 12.00
# Visual Studio 15
VisualStudioVersion = 15.0.28307.329
MinimumVisualStudioVersion = 10.0.40219.1
Project("{FAE04EC0-301F-11D3-BF4B-00C04F79EFBC}") = "switch", "switch\switch.csproj", "{A987F142-86C8-4FA9-BC45-60BEA74E67FB}"
EndProject
Global
	GlobalSection(SolutionConfigurationPlatforms) = preSolution
		Debug|Any CPU = Debug|Any CPU
		Release|Any CPU = Release|Any CPU
	EndGlobalSection
	GlobalSection(ProjectConfigurationPlatforms) = postSolution
		{A987F142-86C8-4FA9-BC45-60BEA74E67FB}.Debug|Any CPU.ActiveCfg = Debug|Any CPU
		{A987F142-86C8-4FA9-BC45-60BEA74E67FB}.Debug|Any CPU.Build.0 = Debug|Any CPU
		{A987F142-86C8-4FA9-BC45-60BEA74E67FB}.Release|Any CPU.ActiveCfg = Release|Any CPU
		{A987F142-86C8-4FA9-BC45-60BEA74E67FB}.Release|Any CPU.Build.0 = Release|Any CPU
	EndGlobalSection
	GlobalSection(SolutionProperties) = preSolution
		HideSolutionNode = FALSE
	EndGlobalSection
	GlobalSection(ExtensibilityGlobals) = postSolution
		SolutionGuid = {74B5A874-A082-4B8D-87B5-B5729CBB6E9D}
	EndGlobalSection
EndGlobal
