
Microsoft Visual Studio Solution File, Format Version 12.00
# Visual Studio 15
VisualStudioVersion = 15.0.28307.329
MinimumVisualStudioVersion = 10.0.40219.1
Project("{FAE04EC0-301F-11D3-BF4B-00C04F79EFBC}") = "LanzamientoExcepciones", "LanzamientoExcepciones\LanzamientoExcepciones.csproj", "{AFD9A1BF-41EF-40C3-9192-A0C3F2DDA463}"
EndProject
Global
	GlobalSection(SolutionConfigurationPlatforms) = preSolution
		Debug|Any CPU = Debug|Any CPU
		Release|Any CPU = Release|Any CPU
	EndGlobalSection
	GlobalSection(ProjectConfigurationPlatforms) = postSolution
		{AFD9A1BF-41EF-40C3-9192-A0C3F2DDA463}.Debug|Any CPU.ActiveCfg = Debug|Any CPU
		{AFD9A1BF-41EF-40C3-9192-A0C3F2DDA463}.Debug|Any CPU.Build.0 = Debug|Any CPU
		{AFD9A1BF-41EF-40C3-9192-A0C3F2DDA463}.Release|Any CPU.ActiveCfg = Release|Any CPU
		{AFD9A1BF-41EF-40C3-9192-A0C3F2DDA463}.Release|Any CPU.Build.0 = Release|Any CPU
	EndGlobalSection
	GlobalSection(SolutionProperties) = preSolution
		HideSolutionNode = FALSE
	EndGlobalSection
	GlobalSection(ExtensibilityGlobals) = postSolution
		SolutionGuid = {4630D01F-6DDB-4A9F-A0CF-2E1A3E36F06F}
	EndGlobalSection
EndGlobal
