
Microsoft Visual Studio Solution File, Format Version 12.00
# Visual Studio 15
VisualStudioVersion = 15.0.28307.329
MinimumVisualStudioVersion = 10.0.40219.1
Project("{FAE04EC0-301F-11D3-BF4B-00C04F79EFBC}") = "UsoCoche", "UsoCoche\UsoCoche.csproj", "{AA03C95B-8E68-4660-8F2C-45DA52AE24C6}"
EndProject
Global
	GlobalSection(SolutionConfigurationPlatforms) = preSolution
		Debug|Any CPU = Debug|Any CPU
		Release|Any CPU = Release|Any CPU
	EndGlobalSection
	GlobalSection(ProjectConfigurationPlatforms) = postSolution
		{AA03C95B-8E68-4660-8F2C-45DA52AE24C6}.Debug|Any CPU.ActiveCfg = Debug|Any CPU
		{AA03C95B-8E68-4660-8F2C-45DA52AE24C6}.Debug|Any CPU.Build.0 = Debug|Any CPU
		{AA03C95B-8E68-4660-8F2C-45DA52AE24C6}.Release|Any CPU.ActiveCfg = Release|Any CPU
		{AA03C95B-8E68-4660-8F2C-45DA52AE24C6}.Release|Any CPU.Build.0 = Release|Any CPU
	EndGlobalSection
	GlobalSection(SolutionProperties) = preSolution
		HideSolutionNode = FALSE
	EndGlobalSection
	GlobalSection(ExtensibilityGlobals) = postSolution
		SolutionGuid = {D0CA557D-1EB1-4BAD-98B2-A59E072BFC1F}
	EndGlobalSection
EndGlobal
